
Microsoft Visual Studio Solution File, Format Version 11.00
# Visual Studio 2010
Project("{FAE04EC0-301F-11D3-BF4B-00C04F79EFBC}") = "Maze (COMP521 Assignment1)", "Assembly-CSharp-firstpass.csproj", "{15FF1271-E10D-5C69-29BE-475EDE5087D3}"
EndProject
Project("{FAE04EC0-301F-11D3-BF4B-00C04F79EFBC}") = "Maze (COMP521 Assignment1)", "Assembly-CSharp.csproj", "{DC6B3A22-B69A-01C3-33CD-7E9601BB0E6E}"
EndProject
Project("{FAE04EC0-301F-11D3-BF4B-00C04F79EFBC}") = "Maze (COMP521 Assignment1)", "Assembly-CSharp-Editor-firstpass.csproj", "{ADDE0B47-941C-9F57-39A2-D8BE16DFFEEA}"
EndProject
Global
	GlobalSection(SolutionConfigurationPlatforms) = preSolution
		Debug|Any CPU = Debug|Any CPU
		Release|Any CPU = Release|Any CPU
	EndGlobalSection
	GlobalSection(ProjectConfigurationPlatforms) = postSolution
		{15FF1271-E10D-5C69-29BE-475EDE5087D3}.Debug|Any CPU.ActiveCfg = Debug|Any CPU
		{15FF1271-E10D-5C69-29BE-475EDE5087D3}.Debug|Any CPU.Build.0 = Debug|Any CPU
		{15FF1271-E10D-5C69-29BE-475EDE5087D3}.Release|Any CPU.ActiveCfg = Release|Any CPU
		{15FF1271-E10D-5C69-29BE-475EDE5087D3}.Release|Any CPU.Build.0 = Release|Any CPU
		{DC6B3A22-B69A-01C3-33CD-7E9601BB0E6E}.Debug|Any CPU.ActiveCfg = Debug|Any CPU
		{DC6B3A22-B69A-01C3-33CD-7E9601BB0E6E}.Debug|Any CPU.Build.0 = Debug|Any CPU
		{DC6B3A22-B69A-01C3-33CD-7E9601BB0E6E}.Release|Any CPU.ActiveCfg = Release|Any CPU
		{DC6B3A22-B69A-01C3-33CD-7E9601BB0E6E}.Release|Any CPU.Build.0 = Release|Any CPU
		{ADDE0B47-941C-9F57-39A2-D8BE16DFFEEA}.Debug|Any CPU.ActiveCfg = Debug|Any CPU
		{ADDE0B47-941C-9F57-39A2-D8BE16DFFEEA}.Debug|Any CPU.Build.0 = Debug|Any CPU
		{ADDE0B47-941C-9F57-39A2-D8BE16DFFEEA}.Release|Any CPU.ActiveCfg = Release|Any CPU
		{ADDE0B47-941C-9F57-39A2-D8BE16DFFEEA}.Release|Any CPU.Build.0 = Release|Any CPU
	EndGlobalSection
	GlobalSection(SolutionProperties) = preSolution
		HideSolutionNode = FALSE
	EndGlobalSection
	GlobalSection(MonoDevelopProperties) = preSolution
		StartupItem = Assembly-CSharp.csproj
	EndGlobalSection
EndGlobal
